# THIS IS AN AUTOGENERATED FILE. DO NOT EDIT THIS FILE DIRECTLY.
# yarn lockfile v1


"@valeera/mathx@^0.1.13":
  version "0.1.13"
  resolved "https://registry.npm.taobao.org/@valeera/mathx/download/@valeera/mathx-0.1.13.tgz#ffab5f40429f156ffaf4c6f4e947145e70d49ba1"
  integrity sha1-/6tfQEKfFW/69Mb06UcUXnDUm6E=

gl-matrix@^3.3.0:
  version "3.3.0"
  resolved "https://registry.npm.taobao.org/gl-matrix/download/gl-matrix-3.3.0.tgz#232eef60b1c8b30a28cbbe75b2caf6c48fd6358b"
  integrity sha1-Iy7vYLHIswooy751ssr2xI/WNYs=

iobuffer@^5.0.3:
  version "5.0.3"
  resolved "https://registry.npm.taobao.org/iobuffer/download/iobuffer-5.0.3.tgz#31a640b4e33659955bbf57ce796324334265dacf"
  integrity sha1-MaZAtOM2WZVbv1fOeWMkM0Jl2s8=

prettier@^2.2.1:
  version "2.2.1"
  resolved "https://registry.npm.taobao.org/prettier/download/prettier-2.2.1.tgz?cache=0&sync_timestamp=1606521141305&other_urls=https%3A%2F%2Fregistry.npm.taobao.org%2Fprettier%2Fdownload%2Fprettier-2.2.1.tgz#795a1a78dd52f073da0cd42b21f9c91381923ff5"
  integrity sha1-eVoaeN1S8HPaDNQrIfnJE4GSP/U=

punycode@^2.1.0:
  version "2.1.1"
  resolved "https://registry.npm.taobao.org/punycode/download/punycode-2.1.1.tgz#b58b010ac40c22c5657616c8d2c2c02c7bf479ec"
  integrity sha1-tYsBCsQMIsVldhbI0sLALHv0eew=

typescript@^4.2.3:
  version "4.2.3"
  resolved "https://registry.npm.taobao.org/typescript/download/typescript-4.2.3.tgz?cache=0&sync_timestamp=1616743242996&other_urls=https%3A%2F%2Fregistry.npm.taobao.org%2Ftypescript%2Fdownload%2Ftypescript-4.2.3.tgz#39062d8019912d43726298f09493d598048c1ce3"
  integrity sha1-OQYtgBmRLUNyYpjwlJPVmASMHOM=

uri-js@^4.4.1:
  version "4.4.1"
  resolved "https://registry.npm.taobao.org/uri-js/download/uri-js-4.4.1.tgz?cache=0&sync_timestamp=1610237624359&other_urls=https%3A%2F%2Fregistry.npm.taobao.org%2Furi-js%2Fdownload%2Furi-js-4.4.1.tgz#9b1a52595225859e55f669d928f88c6c57f2a77e"
  integrity sha1-mxpSWVIlhZ5V9mnZKPiMbFfyp34=
  dependencies:
    punycode "^2.1.0"
